
Microsoft Visual Studio Solution File, Format Version 12.00
# Visual Studio Version 17
VisualStudioVersion = 17.14.36310.24 d17.14
MinimumVisualStudioVersion = 10.0.40219.1
Project("{FAE04EC0-301F-11D3-BF4B-00C04F79EFBC}") = "ConversordeArea", "ConversordeArea\ConversordeArea.csproj", "{AA5A7614-1F46-4875-AAD8-E90410227A16}"
EndProject
Global
	GlobalSection(SolutionConfigurationPlatforms) = preSolution
		Debug|Any CPU = Debug|Any CPU
		Release|Any CPU = Release|Any CPU
	EndGlobalSection
	GlobalSection(ProjectConfigurationPlatforms) = postSolution
		{AA5A7614-1F46-4875-AAD8-E90410227A16}.Debug|Any CPU.ActiveCfg = Debug|Any CPU
		{AA5A7614-1F46-4875-AAD8-E90410227A16}.Debug|Any CPU.Build.0 = Debug|Any CPU
		{AA5A7614-1F46-4875-AAD8-E90410227A16}.Release|Any CPU.ActiveCfg = Release|Any CPU
		{AA5A7614-1F46-4875-AAD8-E90410227A16}.Release|Any CPU.Build.0 = Release|Any CPU
	EndGlobalSection
	GlobalSection(SolutionProperties) = preSolution
		HideSolutionNode = FALSE
	EndGlobalSection
	GlobalSection(ExtensibilityGlobals) = postSolution
		SolutionGuid = {E033E03D-9248-4CD1-AAE8-80A1B9885074}
	EndGlobalSection
EndGlobal
